Microsoft Visual Studio Solution File, Format Version 12.00
# Visual Studio Version 17
VisualStudioVersion = 17.5.2.0
MinimumVisualStudioVersion = 10.0.40219.1
Project("{FAE04EC0-301F-11D3-BF4B-00C04F79EFBC}") = "ArithmeticExpressions", "ArithmeticExpressions\ArithmeticExpressions.csproj", "{8F405727-7FEF-2F7C-D346-D51F43B403BE}"
EndProject
Project("{FAE04EC0-301F-11D3-BF4B-00C04F79EFBC}") = "BankTransactionProgram", "BankTransactionProgram\BankTransactionProgram.csproj", "{AF8EDBD4-B14C-2333-F13A-86F66DE630D0}"
EndProject
Project("{FAE04EC0-301F-11D3-BF4B-00C04F79EFBC}") = "CheckLeapYear", "CheckLeapYear\CheckLeapYear.csproj", "{50C56D35-01F7-1D61-17BC-64C9EEC1F98B}"
EndProject
Project("{FAE04EC0-301F-11D3-BF4B-00C04F79EFBC}") = "Conversion", "Conversion\Conversion.csproj", "{68559D35-3D1C-F389-BD42-E878FCCFE2CC}"
EndProject
Project("{FAE04EC0-301F-11D3-BF4B-00C04F79EFBC}") = "CSharpProgram", "CSharpProgram\CSharpProgram.csproj", "{77A4787C-5E35-56A5-E762-BE61746DDB29}"
EndProject
Project("{FAE04EC0-301F-11D3-BF4B-00C04F79EFBC}") = "CSharpProgramming", "CSharpProgramming\CSharpProgramming.csproj", "{682792A2-B75C-DC7B-7EE4-FD9329457703}"
EndProject
Project("{FAE04EC0-301F-11D3-BF4B-00C04F79EFBC}") = "CSharpQuestions", "CSharpQuestions\CSharpQuestions.csproj", "{1C7CE920-7200-AC81-BCE5-ECE732976455}"
EndProject
Project("{FAE04EC0-301F-11D3-BF4B-00C04F79EFBC}") = "DictionaryProgram", "DictionaryProgram\DictionaryProgram.csproj", "{F8EE3CB6-B678-0F51-8804-B9C4BC5B014F}"
EndProject
Project("{FAE04EC0-301F-11D3-BF4B-00C04F79EFBC}") = "DisplayHeight", "DisplayHeight\DisplayHeight.csproj", "{D6380941-AE4D-A5C6-6084-1595E6637E78}"
EndProject
Project("{FAE04EC0-301F-11D3-BF4B-00C04F79EFBC}") = "DisplayString", "DisplayString\DisplayString.csproj", "{02BB8234-5758-8CFE-8B44-C85723EDC22E}"
EndProject
Project("{FAE04EC0-301F-11D3-BF4B-00C04F79EFBC}") = "ECommerceDiscountCalculator", "ECommerceDiscountCalculator\ECommerceDiscountCalculator.csproj", "{4319D2FC-864F-4548-FC98-D02F5A55DA81}"
EndProject
Project("{FAE04EC0-301F-11D3-BF4B-00C04F79EFBC}") = "EventDrivenPhoneCallNotification", "EventDrivenPhoneCallNotification\EventDrivenPhoneCallNotification.csproj", "{66C65CC1-29B5-8A5E-F6A4-02A7AC1EFF8F}"
EndProject
Project("{FAE04EC0-301F-11D3-BF4B-00C04F79EFBC}") = "ExtensionMethod", "ExtensionMethod\ExtensionMethod.csproj", "{32B55A96-253B-A6DA-D77C-D515282C344D}"
EndProject
Project("{FAE04EC0-301F-11D3-BF4B-00C04F79EFBC}") = "FileIO", "FileIO\FileIO.csproj", "{EF2E39CF-7C51-98A9-7747-828537335572}"
EndProject
Project("{FAE04EC0-301F-11D3-BF4B-00C04F79EFBC}") = "FlipKey", "FlipKey\FlipKey.csproj", "{88E8273A-0E06-37B1-8ED9-60A709AC9CBB}"
EndProject
Project("{FAE04EC0-301F-11D3-BF4B-00C04F79EFBC}") = "GreatestCommonDivisor", "GreatestCommonDivisor\GreatestCommonDivisor.csproj", "{E07645E8-FBD4-A455-B88F-C69E55B1B421}"
EndProject
Project("{FAE04EC0-301F-11D3-BF4B-00C04F79EFBC}") = "InheritanceAndPolymorphism", "InheritanceAndPolymorphism\InheritanceAndPolymorphism.csproj", "{5E2C0A07-7B4A-8020-CCF1-44FA2363DC43}"
EndProject
Project("{FAE04EC0-301F-11D3-BF4B-00C04F79EFBC}") = "InventoryNameCleanup", "InventoryNameCleanup\InventoryNameCleanup.csproj", "{35D571E3-27E6-6D36-726F-CB08B356FC58}"
EndProject
Project("{FAE04EC0-301F-11D3-BF4B-00C04F79EFBC}") = "LargestInteger", "LargestInteger\LargestInteger.csproj", "{3C5B8882-0446-074F-406B-435833B94AFC}"
EndProject
Project("{FAE04EC0-301F-11D3-BF4B-00C04F79EFBC}") = "LibManagement", "LibManagement\LibManagement.csproj", "{447BFCF4-AB8F-ADE2-66F8-DEE1EAFCF6AE}"
EndProject
Project("{FAE04EC0-301F-11D3-BF4B-00C04F79EFBC}") = "LibraryFineCalculator", "LibraryFineCalculator\LibraryFineCalculator.csproj", "{BD52F072-10CD-9C81-796E-67E1370E770F}"
EndProject
Project("{FAE04EC0-301F-11D3-BF4B-00C04F79EFBC}") = "MidPointRounding", "MidPointRounding\MidPointRounding.csproj", "{E542B9B1-BBC0-4846-466D-24F014FC8BBC}"
EndProject
Project("{FAE04EC0-301F-11D3-BF4B-00C04F79EFBC}") = "MultiplicationTable", "MultiplicationTable\MultiplicationTable.csproj", "{42BCA808-87A3-79A6-6EAF-00305C0987FD}"
EndProject
Project("{FAE04EC0-301F-11D3-BF4B-00C04F79EFBC}") = "NullValue", "NullValue\NullValue.csproj", "{3FC668D0-F23D-4F7B-BA3F-FC16410A240E}"
EndProject
Project("{FAE04EC0-301F-11D3-BF4B-00C04F79EFBC}") = "ObjectArray", "ObjectArray\ObjectArray.csproj", "{81666C83-C471-0815-8A89-50D490CC6847}"
EndProject
Project("{FAE04EC0-301F-11D3-BF4B-00C04F79EFBC}") = "ParkingFeeCalculator", "ParkingFeeCalculator\ParkingFeeCalculator.csproj", "{E667F639-BCCA-31F8-16D3-635F773E5E2F}"
EndProject
Project("{FAE04EC0-301F-11D3-BF4B-00C04F79EFBC}") = "ParsingProgram", "ParsingProgram\ParsingProgram.csproj", "{71084A19-7E0D-CF1B-73C1-6325D4537BC1}"
EndProject
Project("{FAE04EC0-301F-11D3-BF4B-00C04F79EFBC}") = "PrimeNumberChecker", "PrimeNumberChecker\PrimeNumberChecker.csproj", "{B31217D7-699C-1C6A-C22E-54909B8AAE5B}"
EndProject
Project("{FAE04EC0-301F-11D3-BF4B-00C04F79EFBC}") = "RopewayRideAssignment", "RopewayRideAssignment\RopewayRideAssignment.csproj", "{6EAC9323-A3B0-B31E-6AA9-79F6D87B2915}"
EndProject
Project("{FAE04EC0-301F-11D3-BF4B-00C04F79EFBC}") = "SearchInsideCollection", "SearchInsideCollection\SearchInsideCollection.csproj", "{6DE0442D-AA8E-EF48-D940-ED083FAC7560}"
EndProject
Project("{FAE04EC0-301F-11D3-BF4B-00C04F79EFBC}") = "SmartClassroomAttendanceValidator", "SmartClassroomAttendanceValidator\SmartClassroomAttendanceValidator.csproj", "{43957937-2B39-8400-94F6-3C08A4949E8B}"
EndProject
Project("{FAE04EC0-301F-11D3-BF4B-00C04F79EFBC}") = "SortedArrays", "SortedArrays\SortedArrays.csproj", "{EFCA15CE-7D17-D5A8-0840-4554CF411436}"
EndProject
Project("{FAE04EC0-301F-11D3-BF4B-00C04F79EFBC}") = "StringFormat", "StringFormat\StringFormat.csproj", "{B7FA8802-9EDF-4112-A7AC-A1CC034CFC31}"
EndProject
Project("{FAE04EC0-301F-11D3-BF4B-00C04F79EFBC}") = "StringsProgram", "StringsProgram\StringsProgram.csproj", "{FE25835B-70DD-1378-F583-E64470F1DF35}"
EndProject
Project("{FAE04EC0-301F-11D3-BF4B-00C04F79EFBC}") = "SumOfPositiveIntegers", "SumOfPositiveIntegers\SumOfPositiveIntegers.csproj", "{367B5230-105D-BFDC-81C1-5F679BF369F6}"
EndProject
Project("{FAE04EC0-301F-11D3-BF4B-00C04F79EFBC}") = "Swapping", "Swapping\Swapping.csproj", "{810917FA-2A3F-B1EF-A674-AD10D5A7E9B5}"
EndProject
Project("{FAE04EC0-301F-11D3-BF4B-00C04F79EFBC}") = "TextileFactoryWageSystem", "TextileFactoryWageSystem\TextileFactoryWageSystem.csproj", "{DF459C5F-5052-617E-9352-7F71EA426D2D}"
EndProject
Project("{FAE04EC0-301F-11D3-BF4B-00C04F79EFBC}") = "TimeConversion", "TimeConversion\TimeConversion.csproj", "{E98EE293-67C3-32D8-5818-2FDD8E8363D9}"
EndProject
Global
	GlobalSection(SolutionConfigurationPlatforms) = preSolution
		Debug|Any CPU = Debug|Any CPU
		Release|Any CPU = Release|Any CPU
	EndGlobalSection
	GlobalSection(ProjectConfigurationPlatforms) = postSolution
		{8F405727-7FEF-2F7C-D346-D51F43B403BE}.Debug|Any CPU.ActiveCfg = Debug|Any CPU
		{8F405727-7FEF-2F7C-D346-D51F43B403BE}.Debug|Any CPU.Build.0 = Debug|Any CPU
		{8F405727-7FEF-2F7C-D346-D51F43B403BE}.Release|Any CPU.ActiveCfg = Release|Any CPU
		{8F405727-7FEF-2F7C-D346-D51F43B403BE}.Release|Any CPU.Build.0 = Release|Any CPU
		{AF8EDBD4-B14C-2333-F13A-86F66DE630D0}.Debug|Any CPU.ActiveCfg = Debug|Any CPU
		{AF8EDBD4-B14C-2333-F13A-86F66DE630D0}.Debug|Any CPU.Build.0 = Debug|Any CPU
		{AF8EDBD4-B14C-2333-F13A-86F66DE630D0}.Release|Any CPU.ActiveCfg = Release|Any CPU
		{AF8EDBD4-B14C-2333-F13A-86F66DE630D0}.Release|Any CPU.Build.0 = Release|Any CPU
		{50C56D35-01F7-1D61-17BC-64C9EEC1F98B}.Debug|Any CPU.ActiveCfg = Debug|Any CPU
		{50C56D35-01F7-1D61-17BC-64C9EEC1F98B}.Debug|Any CPU.Build.0 = Debug|Any CPU
		{50C56D35-01F7-1D61-17BC-64C9EEC1F98B}.Release|Any CPU.ActiveCfg = Release|Any CPU
		{50C56D35-01F7-1D61-17BC-64C9EEC1F98B}.Release|Any CPU.Build.0 = Release|Any CPU
		{68559D35-3D1C-F389-BD42-E878FCCFE2CC}.Debug|Any CPU.ActiveCfg = Debug|Any CPU
		{68559D35-3D1C-F389-BD42-E878FCCFE2CC}.Debug|Any CPU.Build.0 = Debug|Any CPU
		{68559D35-3D1C-F389-BD42-E878FCCFE2CC}.Release|Any CPU.ActiveCfg = Release|Any CPU
		{68559D35-3D1C-F389-BD42-E878FCCFE2CC}.Release|Any CPU.Build.0 = Release|Any CPU
		{77A4787C-5E35-56A5-E762-BE61746DDB29}.Debug|Any CPU.ActiveCfg = Debug|Any CPU
		{77A4787C-5E35-56A5-E762-BE61746DDB29}.Debug|Any CPU.Build.0 = Debug|Any CPU
		{77A4787C-5E35-56A5-E762-BE61746DDB29}.Release|Any CPU.ActiveCfg = Release|Any CPU
		{77A4787C-5E35-56A5-E762-BE61746DDB29}.Release|Any CPU.Build.0 = Release|Any CPU
		{682792A2-B75C-DC7B-7EE4-FD9329457703}.Debug|Any CPU.ActiveCfg = Debug|Any CPU
		{682792A2-B75C-DC7B-7EE4-FD9329457703}.Debug|Any CPU.Build.0 = Debug|Any CPU
		{682792A2-B75C-DC7B-7EE4-FD9329457703}.Release|Any CPU.ActiveCfg = Release|Any CPU
		{682792A2-B75C-DC7B-7EE4-FD9329457703}.Release|Any CPU.Build.0 = Release|Any CPU
		{1C7CE920-7200-AC81-BCE5-ECE732976455}.Debug|Any CPU.ActiveCfg = Debug|Any CPU
		{1C7CE920-7200-AC81-BCE5-ECE732976455}.Debug|Any CPU.Build.0 = Debug|Any CPU
		{1C7CE920-7200-AC81-BCE5-ECE732976455}.Release|Any CPU.ActiveCfg = Release|Any CPU
		{1C7CE920-7200-AC81-BCE5-ECE732976455}.Release|Any CPU.Build.0 = Release|Any CPU
		{F8EE3CB6-B678-0F51-8804-B9C4BC5B014F}.Debug|Any CPU.ActiveCfg = Debug|Any CPU
		{F8EE3CB6-B678-0F51-8804-B9C4BC5B014F}.Debug|Any CPU.Build.0 = Debug|Any CPU
		{F8EE3CB6-B678-0F51-8804-B9C4BC5B014F}.Release|Any CPU.ActiveCfg = Release|Any CPU
		{F8EE3CB6-B678-0F51-8804-B9C4BC5B014F}.Release|Any CPU.Build.0 = Release|Any CPU
		{D6380941-AE4D-A5C6-6084-1595E6637E78}.Debug|Any CPU.ActiveCfg = Debug|Any CPU
		{D6380941-AE4D-A5C6-6084-1595E6637E78}.Debug|Any CPU.Build.0 = Debug|Any CPU
		{D6380941-AE4D-A5C6-6084-1595E6637E78}.Release|Any CPU.ActiveCfg = Release|Any CPU
		{D6380941-AE4D-A5C6-6084-1595E6637E78}.Release|Any CPU.Build.0 = Release|Any CPU
		{02BB8234-5758-8CFE-8B44-C85723EDC22E}.Debug|Any CPU.ActiveCfg = Debug|Any CPU
		{02BB8234-5758-8CFE-8B44-C85723EDC22E}.Debug|Any CPU.Build.0 = Debug|Any CPU
		{02BB8234-5758-8CFE-8B44-C85723EDC22E}.Release|Any CPU.ActiveCfg = Release|Any CPU
		{02BB8234-5758-8CFE-8B44-C85723EDC22E}.Release|Any CPU.Build.0 = Release|Any CPU
		{4319D2FC-864F-4548-FC98-D02F5A55DA81}.Debug|Any CPU.ActiveCfg = Debug|Any CPU
		{4319D2FC-864F-4548-FC98-D02F5A55DA81}.Debug|Any CPU.Build.0 = Debug|Any CPU
		{4319D2FC-864F-4548-FC98-D02F5A55DA81}.Release|Any CPU.ActiveCfg = Release|Any CPU
		{4319D2FC-864F-4548-FC98-D02F5A55DA81}.Release|Any CPU.Build.0 = Release|Any CPU
		{66C65CC1-29B5-8A5E-F6A4-02A7AC1EFF8F}.Debug|Any CPU.ActiveCfg = Debug|Any CPU
		{66C65CC1-29B5-8A5E-F6A4-02A7AC1EFF8F}.Debug|Any CPU.Build.0 = Debug|Any CPU
		{66C65CC1-29B5-8A5E-F6A4-02A7AC1EFF8F}.Release|Any CPU.ActiveCfg = Release|Any CPU
		{66C65CC1-29B5-8A5E-F6A4-02A7AC1EFF8F}.Release|Any CPU.Build.0 = Release|Any CPU
		{32B55A96-253B-A6DA-D77C-D515282C344D}.Debug|Any CPU.ActiveCfg = Debug|Any CPU
		{32B55A96-253B-A6DA-D77C-D515282C344D}.Debug|Any CPU.Build.0 = Debug|Any CPU
		{32B55A96-253B-A6DA-D77C-D515282C344D}.Release|Any CPU.ActiveCfg = Release|Any CPU
		{32B55A96-253B-A6DA-D77C-D515282C344D}.Release|Any CPU.Build.0 = Release|Any CPU
		{EF2E39CF-7C51-98A9-7747-828537335572}.Debug|Any CPU.ActiveCfg = Debug|Any CPU
		{EF2E39CF-7C51-98A9-7747-828537335572}.Debug|Any CPU.Build.0 = Debug|Any CPU
		{EF2E39CF-7C51-98A9-7747-828537335572}.Release|Any CPU.ActiveCfg = Release|Any CPU
		{EF2E39CF-7C51-98A9-7747-828537335572}.Release|Any CPU.Build.0 = Release|Any CPU
		{88E8273A-0E06-37B1-8ED9-60A709AC9CBB}.Debug|Any CPU.ActiveCfg = Debug|Any CPU
		{88E8273A-0E06-37B1-8ED9-60A709AC9CBB}.Debug|Any CPU.Build.0 = Debug|Any CPU
		{88E8273A-0E06-37B1-8ED9-60A709AC9CBB}.Release|Any CPU.ActiveCfg = Release|Any CPU
		{88E8273A-0E06-37B1-8ED9-60A709AC9CBB}.Release|Any CPU.Build.0 = Release|Any CPU
		{E07645E8-FBD4-A455-B88F-C69E55B1B421}.Debug|Any CPU.ActiveCfg = Debug|Any CPU
		{E07645E8-FBD4-A455-B88F-C69E55B1B421}.Debug|Any CPU.Build.0 = Debug|Any CPU
		{E07645E8-FBD4-A455-B88F-C69E55B1B421}.Release|Any CPU.ActiveCfg = Release|Any CPU
		{E07645E8-FBD4-A455-B88F-C69E55B1B421}.Release|Any CPU.Build.0 = Release|Any CPU
		{5E2C0A07-7B4A-8020-CCF1-44FA2363DC43}.Debug|Any CPU.ActiveCfg = Debug|Any CPU
		{5E2C0A07-7B4A-8020-CCF1-44FA2363DC43}.Debug|Any CPU.Build.0 = Debug|Any CPU
		{5E2C0A07-7B4A-8020-CCF1-44FA2363DC43}.Release|Any CPU.ActiveCfg = Release|Any CPU
		{5E2C0A07-7B4A-8020-CCF1-44FA2363DC43}.Release|Any CPU.Build.0 = Release|Any CPU
		{35D571E3-27E6-6D36-726F-CB08B356FC58}.Debug|Any CPU.ActiveCfg = Debug|Any CPU
		{35D571E3-27E6-6D36-726F-CB08B356FC58}.Debug|Any CPU.Build.0 = Debug|Any CPU
		{35D571E3-27E6-6D36-726F-CB08B356FC58}.Release|Any CPU.ActiveCfg = Release|Any CPU
		{35D571E3-27E6-6D36-726F-CB08B356FC58}.Release|Any CPU.Build.0 = Release|Any CPU
		{3C5B8882-0446-074F-406B-435833B94AFC}.Debug|Any CPU.ActiveCfg = Debug|Any CPU
		{3C5B8882-0446-074F-406B-435833B94AFC}.Debug|Any CPU.Build.0 = Debug|Any CPU
		{3C5B8882-0446-074F-406B-435833B94AFC}.Release|Any CPU.ActiveCfg = Release|Any CPU
		{3C5B8882-0446-074F-406B-435833B94AFC}.Release|Any CPU.Build.0 = Release|Any CPU
		{447BFCF4-AB8F-ADE2-66F8-DEE1EAFCF6AE}.Debug|Any CPU.ActiveCfg = Debug|Any CPU
		{447BFCF4-AB8F-ADE2-66F8-DEE1EAFCF6AE}.Debug|Any CPU.Build.0 = Debug|Any CPU
		{447BFCF4-AB8F-ADE2-66F8-DEE1EAFCF6AE}.Release|Any CPU.ActiveCfg = Release|Any CPU
		{447BFCF4-AB8F-ADE2-66F8-DEE1EAFCF6AE}.Release|Any CPU.Build.0 = Release|Any CPU
		{BD52F072-10CD-9C81-796E-67E1370E770F}.Debug|Any CPU.ActiveCfg = Debug|Any CPU
		{BD52F072-10CD-9C81-796E-67E1370E770F}.Debug|Any CPU.Build.0 = Debug|Any CPU
		{BD52F072-10CD-9C81-796E-67E1370E770F}.Release|Any CPU.ActiveCfg = Release|Any CPU
		{BD52F072-10CD-9C81-796E-67E1370E770F}.Release|Any CPU.Build.0 = Release|Any CPU
		{E542B9B1-BBC0-4846-466D-24F014FC8BBC}.Debug|Any CPU.ActiveCfg = Debug|Any CPU
		{E542B9B1-BBC0-4846-466D-24F014FC8BBC}.Debug|Any CPU.Build.0 = Debug|Any CPU
		{E542B9B1-BBC0-4846-466D-24F014FC8BBC}.Release|Any CPU.ActiveCfg = Release|Any CPU
		{E542B9B1-BBC0-4846-466D-24F014FC8BBC}.Release|Any CPU.Build.0 = Release|Any CPU
		{42BCA808-87A3-79A6-6EAF-00305C0987FD}.Debug|Any CPU.ActiveCfg = Debug|Any CPU
		{42BCA808-87A3-79A6-6EAF-00305C0987FD}.Debug|Any CPU.Build.0 = Debug|Any CPU
		{42BCA808-87A3-79A6-6EAF-00305C0987FD}.Release|Any CPU.ActiveCfg = Release|Any CPU
		{42BCA808-87A3-79A6-6EAF-00305C0987FD}.Release|Any CPU.Build.0 = Release|Any CPU
		{3FC668D0-F23D-4F7B-BA3F-FC16410A240E}.Debug|Any CPU.ActiveCfg = Debug|Any CPU
		{3FC668D0-F23D-4F7B-BA3F-FC16410A240E}.Debug|Any CPU.Build.0 = Debug|Any CPU
		{3FC668D0-F23D-4F7B-BA3F-FC16410A240E}.Release|Any CPU.ActiveCfg = Release|Any CPU
		{3FC668D0-F23D-4F7B-BA3F-FC16410A240E}.Release|Any CPU.Build.0 = Release|Any CPU
		{81666C83-C471-0815-8A89-50D490CC6847}.Debug|Any CPU.ActiveCfg = Debug|Any CPU
		{81666C83-C471-0815-8A89-50D490CC6847}.Debug|Any CPU.Build.0 = Debug|Any CPU
		{81666C83-C471-0815-8A89-50D490CC6847}.Release|Any CPU.ActiveCfg = Release|Any CPU
		{81666C83-C471-0815-8A89-50D490CC6847}.Release|Any CPU.Build.0 = Release|Any CPU
		{E667F639-BCCA-31F8-16D3-635F773E5E2F}.Debug|Any CPU.ActiveCfg = Debug|Any CPU
		{E667F639-BCCA-31F8-16D3-635F773E5E2F}.Debug|Any CPU.Build.0 = Debug|Any CPU
		{E667F639-BCCA-31F8-16D3-635F773E5E2F}.Release|Any CPU.ActiveCfg = Release|Any CPU
		{E667F639-BCCA-31F8-16D3-635F773E5E2F}.Release|Any CPU.Build.0 = Release|Any CPU
		{71084A19-7E0D-CF1B-73C1-6325D4537BC1}.Debug|Any CPU.ActiveCfg = Debug|Any CPU
		{71084A19-7E0D-CF1B-73C1-6325D4537BC1}.Debug|Any CPU.Build.0 = Debug|Any CPU
		{71084A19-7E0D-CF1B-73C1-6325D4537BC1}.Release|Any CPU.ActiveCfg = Release|Any CPU
		{71084A19-7E0D-CF1B-73C1-6325D4537BC1}.Release|Any CPU.Build.0 = Release|Any CPU
		{B31217D7-699C-1C6A-C22E-54909B8AAE5B}.Debug|Any CPU.ActiveCfg = Debug|Any CPU
		{B31217D7-699C-1C6A-C22E-54909B8AAE5B}.Debug|Any CPU.Build.0 = Debug|Any CPU
		{B31217D7-699C-1C6A-C22E-54909B8AAE5B}.Release|Any CPU.ActiveCfg = Release|Any CPU
		{B31217D7-699C-1C6A-C22E-54909B8AAE5B}.Release|Any CPU.Build.0 = Release|Any CPU
		{6EAC9323-A3B0-B31E-6AA9-79F6D87B2915}.Debug|Any CPU.ActiveCfg = Debug|Any CPU
		{6EAC9323-A3B0-B31E-6AA9-79F6D87B2915}.Debug|Any CPU.Build.0 = Debug|Any CPU
		{6EAC9323-A3B0-B31E-6AA9-79F6D87B2915}.Release|Any CPU.ActiveCfg = Release|Any CPU
		{6EAC9323-A3B0-B31E-6AA9-79F6D87B2915}.Release|Any CPU.Build.0 = Release|Any CPU
		{6DE0442D-AA8E-EF48-D940-ED083FAC7560}.Debug|Any CPU.ActiveCfg = Debug|Any CPU
		{6DE0442D-AA8E-EF48-D940-ED083FAC7560}.Debug|Any CPU.Build.0 = Debug|Any CPU
		{6DE0442D-AA8E-EF48-D940-ED083FAC7560}.Release|Any CPU.ActiveCfg = Release|Any CPU
		{6DE0442D-AA8E-EF48-D940-ED083FAC7560}.Release|Any CPU.Build.0 = Release|Any CPU
		{43957937-2B39-8400-94F6-3C08A4949E8B}.Debug|Any CPU.ActiveCfg = Debug|Any CPU
		{43957937-2B39-8400-94F6-3C08A4949E8B}.Debug|Any CPU.Build.0 = Debug|Any CPU
		{43957937-2B39-8400-94F6-3C08A4949E8B}.Release|Any CPU.ActiveCfg = Release|Any CPU
		{43957937-2B39-8400-94F6-3C08A4949E8B}.Release|Any CPU.Build.0 = Release|Any CPU
		{EFCA15CE-7D17-D5A8-0840-4554CF411436}.Debug|Any CPU.ActiveCfg = Debug|Any CPU
		{EFCA15CE-7D17-D5A8-0840-4554CF411436}.Debug|Any CPU.Build.0 = Debug|Any CPU
		{EFCA15CE-7D17-D5A8-0840-4554CF411436}.Release|Any CPU.ActiveCfg = Release|Any CPU
		{EFCA15CE-7D17-D5A8-0840-4554CF411436}.Release|Any CPU.Build.0 = Release|Any CPU
		{B7FA8802-9EDF-4112-A7AC-A1CC034CFC31}.Debug|Any CPU.ActiveCfg = Debug|Any CPU
		{B7FA8802-9EDF-4112-A7AC-A1CC034CFC31}.Debug|Any CPU.Build.0 = Debug|Any CPU
		{B7FA8802-9EDF-4112-A7AC-A1CC034CFC31}.Release|Any CPU.ActiveCfg = Release|Any CPU
		{B7FA8802-9EDF-4112-A7AC-A1CC034CFC31}.Release|Any CPU.Build.0 = Release|Any CPU
		{FE25835B-70DD-1378-F583-E64470F1DF35}.Debug|Any CPU.ActiveCfg = Debug|Any CPU
		{FE25835B-70DD-1378-F583-E64470F1DF35}.Debug|Any CPU.Build.0 = Debug|Any CPU
		{FE25835B-70DD-1378-F583-E64470F1DF35}.Release|Any CPU.ActiveCfg = Release|Any CPU
		{FE25835B-70DD-1378-F583-E64470F1DF35}.Release|Any CPU.Build.0 = Release|Any CPU
		{367B5230-105D-BFDC-81C1-5F679BF369F6}.Debug|Any CPU.ActiveCfg = Debug|Any CPU
		{367B5230-105D-BFDC-81C1-5F679BF369F6}.Debug|Any CPU.Build.0 = Debug|Any CPU
		{367B5230-105D-BFDC-81C1-5F679BF369F6}.Release|Any CPU.ActiveCfg = Release|Any CPU
		{367B5230-105D-BFDC-81C1-5F679BF369F6}.Release|Any CPU.Build.0 = Release|Any CPU
		{810917FA-2A3F-B1EF-A674-AD10D5A7E9B5}.Debug|Any CPU.ActiveCfg = Debug|Any CPU
		{810917FA-2A3F-B1EF-A674-AD10D5A7E9B5}.Debug|Any CPU.Build.0 = Debug|Any CPU
		{810917FA-2A3F-B1EF-A674-AD10D5A7E9B5}.Release|Any CPU.ActiveCfg = Release|Any CPU
		{810917FA-2A3F-B1EF-A674-AD10D5A7E9B5}.Release|Any CPU.Build.0 = Release|Any CPU
		{DF459C5F-5052-617E-9352-7F71EA426D2D}.Debug|Any CPU.ActiveCfg = Debug|Any CPU
		{DF459C5F-5052-617E-9352-7F71EA426D2D}.Debug|Any CPU.Build.0 = Debug|Any CPU
		{DF459C5F-5052-617E-9352-7F71EA426D2D}.Release|Any CPU.ActiveCfg = Release|Any CPU
		{DF459C5F-5052-617E-9352-7F71EA426D2D}.Release|Any CPU.Build.0 = Release|Any CPU
		{E98EE293-67C3-32D8-5818-2FDD8E8363D9}.Debug|Any CPU.ActiveCfg = Debug|Any CPU
		{E98EE293-67C3-32D8-5818-2FDD8E8363D9}.Debug|Any CPU.Build.0 = Debug|Any CPU
		{E98EE293-67C3-32D8-5818-2FDD8E8363D9}.Release|Any CPU.ActiveCfg = Release|Any CPU
		{E98EE293-67C3-32D8-5818-2FDD8E8363D9}.Release|Any CPU.Build.0 = Release|Any CPU
	EndGlobalSection
	GlobalSection(SolutionProperties) = preSolution
		HideSolutionNode = FALSE
	EndGlobalSection
	GlobalSection(ExtensibilityGlobals) = postSolution
		SolutionGuid = {AE90769A-E554-4A4B-9016-A26999F17857}
	EndGlobalSection
EndGlobal
