Microsoft Visual Studio Solution File, Format Version 12.00
# Visual Studio Version 17
VisualStudioVersion = 17.5.2.0
MinimumVisualStudioVersion = 10.0.40219.1
Project("{FAE04EC0-301F-11D3-BF4B-00C04F79EFBC}") = "FirstApp", "FirstApp.csproj", "{6BED09B6-0C66-A2DC-4E22-2D2A3332EEBC}"
EndProject
Global
	GlobalSection(SolutionConfigurationPlatforms) = preSolution
		Debug|Any CPU = Debug|Any CPU
		Release|Any CPU = Release|Any CPU
	EndGlobalSection
	GlobalSection(ProjectConfigurationPlatforms) = postSolution
		{6BED09B6-0C66-A2DC-4E22-2D2A3332EEBC}.Debug|Any CPU.ActiveCfg = Debug|Any CPU
		{6BED09B6-0C66-A2DC-4E22-2D2A3332EEBC}.Debug|Any CPU.Build.0 = Debug|Any CPU
		{6BED09B6-0C66-A2DC-4E22-2D2A3332EEBC}.Release|Any CPU.ActiveCfg = Release|Any CPU
		{6BED09B6-0C66-A2DC-4E22-2D2A3332EEBC}.Release|Any CPU.Build.0 = Release|Any CPU
	EndGlobalSection
	GlobalSection(SolutionProperties) = preSolution
		HideSolutionNode = FALSE
	EndGlobalSection
	GlobalSection(ExtensibilityGlobals) = postSolution
		SolutionGuid = {F079DD48-6D58-4782-8AA8-13768580F378}
	EndGlobalSection
EndGlobal
